
Microsoft Visual Studio Solution File, Format Version 11.00
# Visual Studio 2010
Project("{FAE04EC0-301F-11D3-BF4B-00C04F79EFBC}") = "Assembly-CSharp", "Assembly-CSharp.csproj", "{bd619b40-7455-9610-f3c0-1db25d936a3f}"
EndProject
Global
	GlobalSection(SolutionConfigurationPlatforms) = preSolution
		Debug|Any CPU = Debug|Any CPU
		Release|Any CPU = Release|Any CPU
	EndGlobalSection
	GlobalSection(ProjectConfigurationPlatforms) = postSolution
		{bd619b40-7455-9610-f3c0-1db25d936a3f}.Debug|Any CPU.ActiveCfg = Debug|Any CPU
		{bd619b40-7455-9610-f3c0-1db25d936a3f}.Debug|Any CPU.Build.0 = Debug|Any CPU
		{bd619b40-7455-9610-f3c0-1db25d936a3f}.Release|Any CPU.ActiveCfg = Release|Any CPU
		{bd619b40-7455-9610-f3c0-1db25d936a3f}.Release|Any CPU.Build.0 = Release|Any CPU
	EndGlobalSection
	GlobalSection(SolutionProperties) = preSolution
		HideSolutionNode = FALSE
	EndGlobalSection
EndGlobal
